417031acfb92b8f018315ebf375a410c7aecafecd1175c2e691097bb3373a0ee  lib/alloc.cyr
69e92cc4b67f1a936f94c92ce8a4c66673758b84dba385e96fbeaa46fa692b4c  lib/alloc_agnos.cyr
c3b7f80d39f39610f44bebf34ba8f31c82eb85b1a7b7ff5327ef5a81e4945889  lib/alloc_cx.cyr
03922b263b4a771d7104c6dcc30b4b029c6fe40ec93fec6a0ee38ec61f7e7dd8  lib/alloc_macos.cyr
299c2c7e203b339a6b97d3ab88d15f3465d72bda018c61e6951819eabd7cc018  lib/alloc_windows.cyr
c88c2ab7f87fdbf63d8e8cb12d43471e7863315f8053341f295b2237788e6d78  lib/args.cyr
27c9752b70e797b43d30204e5077749526144495ba7021b1272067f3236d81f9  lib/args_agnos.cyr
99f96283da419ad9f01d076269411c3d5214b6007a92d1bbe2356ab906a5d1a1  lib/args_macos.cyr
f7b9d52f29de6d3d633962ccc765a76637091a7256eebc1da5547530eed2c44b  lib/args_win.cyr
65b99d174e411037dc1662bea183fe4c67835760eda848063d352e590219d955  lib/assert.cyr
dbe63348d43b381bff254d9cc3ea7372df6b64a4338471b5b890b2ee479b408b  lib/async.cyr
9bf0b927f4d092609b9cd3305e9e204fc370b024d20e386d9e0e0d99687c0f04  lib/async_agnos.cyr
82c346ceb97ac0d79da8771ec68632ac6135e8c1f4e1007bd1603fafda6f4e9a  lib/async_macos.cyr
9f9b69b583151e6cd2f026cfa53629ef89b0e15d8c69d3778851f278a33ffaa2  lib/async_win.cyr
eeadd5a7b29998c0039a6758687857689b20f83d3d16c74349a403dac39e71a4  lib/atomic.cyr
c95aac7657aa91b4713f33691880ba8a62f3dd6f9993bba1fb2b2e01d45bc2d4  lib/audit_walk.cyr
ddad6719545a2619cc6c32ec5c642365b985c6af3e3a881544131b1077a5ea9b  lib/bayan.cyr
a82f4d28665d98a7336b81fb344ca0c78177ffe911c61ac02bd9c18e10dadb44  lib/bench.cyr
7b6437095c35a9214eb19260ea3d6104d021e55d766d337a85354b441ce25181  lib/bounds.cyr
e4a5d91e12a71feb2d245ec38804ded6333558cb74168853d226cb8ec22e4b19  lib/boxed.cyr
d675375b2c3929fc0a8dadc2fb79faaa1f43e7ddb49cb1e111d9e7abcb207787  lib/callback.cyr
e84c090fd0f8532700d967ca3190837780a52a42630f4c6a0a4567ad9a49ab6b  lib/cffi.cyr
a89d1b5c950f68b3f770c93ed3cdaf316be738aa1be7c03d4d896377f3dee166  lib/chrono.cyr
096eabc580c807f3e378fbe56058780a28cdf95b9c70b44672bca0a71cf969f6  lib/ct.cyr
98d1536d5bb355549b7e7be257fb6a5620525f93b447a5a5759b04a0aa053191  lib/dxgi.cyr
95a4c68d517f8ed55a0d60fbb84124a02a469d86b16299520c607f8d455b4970  lib/dynlib.cyr
33068e6a2a3a8a9600f491f026fefe61fdaa21c392ad80e3b0594f181a3afe4f  lib/fdlopen.cyr
0145e6dc15f09e1115a7180778729ee8ec9610e2dd04d9a86f7dee69f208661b  lib/flags.cyr
224c9d1685b2a0859abbc1a8a01bc5570660a3aaf90a7ccfb468e38d0cf3af5f  lib/fmt.cyr
2f9d210e9280506f280bbd10a7b26b76c7990360a97fb7701f348bfe76fbb291  lib/fnptr.cyr
e77b2d5e3744c8f7f2e4bb69710df8888211ca9fb1947cf9408bbc0d66820cd7  lib/freelist.cyr
2996315d6dbba8e79a0d3f4c23cc4fccc557c478d77c720d1b88b26ad43404de  lib/fs.cyr
c7b3bf5beebddc082d4fa643a7113deaf26d0fd80dd5cd70ba0e3c21671107d0  lib/fs_win.cyr
b3771ef6f240085934de6ed6497e876953a37131adc08d4c6c59b00cd451a37f  lib/ganita.cyr
c1111039c78e19c9404d8d296b3e88b588e735c21ae8a67a3852251d63199170  lib/grp.cyr
335d315cc179ba92fd0d8c05c8091d558045c9f3624eda78a81d7b1ec70246f2  lib/hashmap.cyr
78b5e014ba2f904025cc68b6296b542d7d5b25c3375ba699d923a441abe48145  lib/hashmap_fast.cyr
51a1588b9ad71d196555fcd649a08b9ca2524c4fddf302047a7cffcc806a5daa  lib/hashseed.cyr
b2aae04320aaf624fe6b8a54290f547df67a29d315deac00523498fa278cd005  lib/http.cyr
d5aa86a498c195c23a9b21f673c3d5ea6f2a9abbfab1d786b66d7262ddc62f2a  lib/io.cyr
543be460c6d2a9922e47f4dafb4fae981802f74827b935d4ec9dadb35870cb43  lib/keccak.cyr
5d80af0ea9c77878f77bcead3b9c7d5887b44901de143fc1fbc750fac4b36b4e  lib/log.cyr
0d4cbf7da9fb275fad4efcb63963d5bdfc6cf30e5525697b71564488ededeab8  lib/mabda.cyr
a765010977ff6829def00d050e27cc94c52e5b9c6e28defb10f1fdabe2cd74e2  lib/math.cyr
072725897707e6cc38c67510f972807c07e04cd8ba69d6881c9648f74055c8a5  lib/mmap.cyr
fe799dda111731ca5d4b92ef1160659c1cec5a507481770b5ed9c92b943d2730  lib/net.cyr
0b07decc865c5b0772bb1551232f7f07ce9f1757ad1d0a86c1b6132e546d5342  lib/niyama.cyr
16d92c974874d54467facb1a59d120f164d0215ad24a75a8aebe2abcb4c38a57  lib/overflow.cyr
81e04cb9d9dcf62655ecb8eaa318c0ad15215cf53d734431c0c12b97cfaf1c34  lib/pam.cyr
01b853b14ac18d5462d7136f309418695eb09878ddf55898620a3d28780b820d  lib/patra.cyr
7d9b28c75286dcd73bf8957e16a4217c3b0d7278d70c945958650ac3f70a2f3c  lib/process.cyr
03b00c6f58f54f690505d94bc6d173c0e4ec64e709288f43939fbc7f756847ce  lib/process_agnos.cyr
cd2e81a524fd8c3be88de94cf12bf22112f1368aae0ada4cc0fca811d78f5642  lib/process_win.cyr
3a46495c11040db6f26872366ff528bfd50f0e8e033e5c0029d0f0684cfcd615  lib/protobuf.cyr
3685581ab3dca17cb01b8e65a654ce4ca683ac67b1871b17b8bd9fb3c2cf8a02  lib/pwd.cyr
de4598e4862fdc8d02195688b9aacc91e888d5f6b85d9fac08f4b7af9daaca19  lib/random.cyr
65b5dc1c81667129a7b9a828e901a49ce2b86701008526a0b5f20f99d8545bb0  lib/regex.cyr
2af7226a9df08044fa227e99e38bd9f7724a07ae54e15ac3386a28500e7305a2  lib/regression.cyr
8c308fcc81558fb6048b7786d3c2e747831e857ecfd88c91751bd3e662c9ca73  lib/regression_agnos.cyr
9892d2c32787cdbb5d65b8441bef25d4b8f31942ac4db7500d10aadc43f23632  lib/result.cyr
69a12c75aca5505ed33f690e29c974b8bf14807408d2c6ef911a693924fbfaff  lib/sakshi.cyr
d2d9db713551bc88b3666426dd5566d878d8e9137773353f3fae80c35c0a595e  lib/sandhi.cyr
c5146f1c973c6daa27174993859979430bd571cac1a224780ac21553aa71f523  lib/sankoch.cyr
dc500d517e0896751699302f6d6033b765378576f8e9ac144480262ab4214348  lib/security.cyr
2907e90cae9f66370dce6e9567e24b03dab31221cb4f0e505a5c5745232d5de4  lib/sha1.cyr
1a6ede53a3380b26fd7d314efa3d48adaccaff8b0f08a5b650c9e5d9713e4c1c  lib/shadow.cyr
8642f997645d6973bc310262de2b081061608c916ced80b61eaedc401c0e33b3  lib/sigil.cyr
423df382657ade61d0ce642a8dd69c0f6a10e432517042eed4b2ad45bc833f4f  lib/simd.cyr
724cb440922e89ff60c76eba23670eeee53b9d1f3ffdde31ebe2e2f9badda9ed  lib/slice.cyr
8a3e4378e75eefbf7e6d8d098449dbe909f9b9b80a2a72624adb250eb4335c09  lib/str.cyr
cf6d59104caf9904342400eba0df08b6c19f2124a446f5fab27b543df9b9b222  lib/string.cyr
48c6b6cee2151312701f8679653ac12e559b5a1e406ee6854ca9f69c9981c754  lib/sync.cyr
b204b05d2f0ee90477d5ca5bd22c339188719ef1eacb05ad6e65e092a1536572  lib/sync_macos.cyr
af3dc72c3e2d0f94ea4d4a6bdeb60963cd36e7849b7ccf06299bf5c616de7100  lib/sync_windows.cyr
7d52f12690df06327c42716f8554ca9c46b19daff6b2d951e7a73030e3b30108  lib/sys.cyr
3363f2e6cdc81d4281a90dcebce75525a0650102d332fc3a78762ad5162e6175  lib/syscalls.cyr
a6c780729505274da0da63d40e0efb5d73fb4e3f9d9a01be2c3c871c03216dd3  lib/syscalls_aarch64_linux.cyr
e9ce43b5936641036ff990164bf5ad09608835f8b3dcfabb67fd5a846d1e0c17  lib/syscalls_linux_common.cyr
284f6b26df7598fa2accfb787ce1fe233c044e94e81bf374c882732fe81364d0  lib/syscalls_macos.cyr
d0bed7ae3fd45b30969a697ef49e7eeac1e545b8a38c3bd9dae16be940203dad  lib/syscalls_windows.cyr
33dc38155f7b79ea3ca8f899642a3696ceb9058b2e598783681a11b9b1d72e43  lib/syscalls_x86_64_agnos.cyr
57bc4655c9677f815547283729f5898543ae40e26362e075fdec0314654155d9  lib/syscalls_x86_64_linux.cyr
3e51b4f19ecc223ec72f48058d1130074a3d7163de611c3fd704bf6a89ab02f4  lib/tagged.cyr
a8ae4f1396d23bff31a4c22c53be396b4624dcd763f5a9de81d4933a07beae9e  lib/test.cyr
a012996dd8d3194c8fc65496f9e62f95e7f39eec2caa4f0b62fd7ce64ce9a042  lib/thread.cyr
6cd0930d2faf71c5f48835eca206b4d5b26bf7d81bced0b4f37a2a339fd075e3  lib/thread_agnos.cyr
00b5a4309c39031d6f81a0cd8048f499c2f461158b09b85fb7cbe1f6e284a0d6  lib/thread_local.cyr
28adc0d018577a1c21b40e088991d5a76e6c4cc367346e00f7cab7f719a6f50b  lib/thread_macos.cyr
494bb8c5265955e80c87af63b79e4227cb989ad332337d0605ef66578cddf025  lib/thread_win.cyr
2606533fa73831ec89acfffe96a1a438b2adb21be6b5b70ca02e76b6a77c6dbb  lib/tls.cyr
0ceae7028f2dcb86b6dedfcd271b67324d6d0c83dd0b4d015fb22e1795b03ebe  lib/tls_native.cyr
f266862c2b50ded0c8c63af6a1d3c24a0845bfdf07e2165757f94c1f63a601e2  lib/tls_native_conn.cyr
bb432fe9a94d00a1e112db04730cf0e65d96b5a83d903977e3eb56956e6550c4  lib/tls_native_ctx.cyr
7fe98d06fbdb08c3e1db62a7c3e7f7cbf0a15d5e11c320aa5d4795b3af240b45  lib/tls_native_hs12.cyr
79ca32e3a458700e60401cdda69bf4a10743b0086428449b3f65faa0a0ca48da  lib/tls_native_hs13.cyr
7f09bdda201facfea22a870090584127af1cc1151a822dcf15aa737fe8329468  lib/tls_native_keysched.cyr
dd083116c877c777f44f0d9e754dde477f6f42e99d5399fdc9e15ae4cf6fb06f  lib/tls_native_lowlevel.cyr
293aba79206fc1201a8998b64f51d00d8cb8ac3a5cb2f4ed96c1ca5a4b5aa2cd  lib/trait.cyr
8e45d3b594e31609051e958acac2f84cc102e0cd2264b0cbfdeaae8aaffda557  lib/unicode/_casefold_data.cyr
490ce31f13069637ada2eec85c16f1e5ef942160892f32c07b572286fa4f9912  lib/unicode/_categories_data.cyr
aeeba5627b78ffca6a34ebcbe318f50726a87d4f19713bf9ed070bbbec7ded74  lib/unicode/_decode.cyr
137fac081ec373522a0d22aa702494b45505cb7d5a9b606f4b47549a5e9d299d  lib/unicode/_normalize_data.cyr
1b25eed5cfb1555dd425644dccec378cf3ac80fe7874e35bdc30ca9edf01d35f  lib/unicode/casefold.cyr
1091c0970c74fd47f63503b5dfbe0098a1b87048a8d43cc17cf51153839b2afe  lib/unicode/categories.cyr
ae2647702546f03f5fe1f4797ef735aafbf9981bb6294a075a31d308fd7e905c  lib/unicode/normalize.cyr
fad8631e504b346040b81e9fe73f0fbf9301dcf6e5726f62169f1feae1cc60ae  lib/vani.cyr
802a6a65421c1c0499b137069812e8f158c9779a574da4fb5948cca382306abe  lib/vec.cyr
bbe05c67be5b0a80c255f58aa10328c81ee1ec4ed8bca5944aa4cd4072c53fb2  lib/ws.cyr
cfd1d9aafc801afbf2fff72086493ba6d9c8eac950eb7921d56d616b623c6f65  lib/ws_server.cyr
2aaefc1d8dd0ef7ae3adc3a1fc7b2aeb17cb82d2e2830a8c885ee79724ce06fa  lib/yantra.cyr
8cff40cf9718f82909eaeaee5d29900d28928cf1f2028e45f6d6621dc155bc28  lib/yukti.cyr
cyrius	6.6.6
